
Microsoft Visual Studio Solution File, Format Version 12.00
# Visual Studio Version 16
VisualStudioVersion = 16.0.31515.178
MinimumVisualStudioVersion = 10.0.40219.1
Project("{8BC9CEB8-8B4A-11D0-8D11-00A0C91BC942}") = "Assignment1", "Assignment1\Assignment1.vcxproj", "{75D865E6-72A0-495C-B49E-61D3C4F53086}"
	ProjectSection(ProjectDependencies) = postProject
		{0F0EBDAB-BD19-4ED0-928F-BB624652875B} = {0F0EBDAB-BD19-4ED0-928F-BB624652875B}
	EndProjectSection
EndProject
Project("{8BC9CEB8-8B4A-11D0-8D11-00A0C91BC942}") = "Engine", "Engine\Engine.vcxproj", "{0F0EBDAB-BD19-4ED0-928F-BB624652875B}"
EndProject
Global
	GlobalSection(SolutionConfigurationPlatforms) = preSolution
		Debug|x64 = Debug|x64
		Debug|x86 = Debug|x86
		Release|x64 = Release|x64
		Release|x86 = Release|x86
	EndGlobalSection
	GlobalSection(ProjectConfigurationPlatforms) = postSolution
		{75D865E6-72A0-495C-B49E-61D3C4F53086}.Debug|x64.ActiveCfg = Debug|x64
		{75D865E6-72A0-495C-B49E-61D3C4F53086}.Debug|x64.Build.0 = Debug|x64
		{75D865E6-72A0-495C-B49E-61D3C4F53086}.Debug|x86.ActiveCfg = Debug|Win32
		{75D865E6-72A0-495C-B49E-61D3C4F53086}.Debug|x86.Build.0 = Debug|Win32
		{75D865E6-72A0-495C-B49E-61D3C4F53086}.Release|x64.ActiveCfg = Release|x64
		{75D865E6-72A0-495C-B49E-61D3C4F53086}.Release|x64.Build.0 = Release|x64
		{75D865E6-72A0-495C-B49E-61D3C4F53086}.Release|x86.ActiveCfg = Release|Win32
		{75D865E6-72A0-495C-B49E-61D3C4F53086}.Release|x86.Build.0 = Release|Win32
		{0F0EBDAB-BD19-4ED0-928F-BB624652875B}.Debug|x64.ActiveCfg = Debug|x64
		{0F0EBDAB-BD19-4ED0-928F-BB624652875B}.Debug|x64.Build.0 = Debug|x64
		{0F0EBDAB-BD19-4ED0-928F-BB624652875B}.Debug|x86.ActiveCfg = Debug|Win32
		{0F0EBDAB-BD19-4ED0-928F-BB624652875B}.Debug|x86.Build.0 = Debug|Win32
		{0F0EBDAB-BD19-4ED0-928F-BB624652875B}.Release|x64.ActiveCfg = Release|x64
		{0F0EBDAB-BD19-4ED0-928F-BB624652875B}.Release|x64.Build.0 = Release|x64
		{0F0EBDAB-BD19-4ED0-928F-BB624652875B}.Release|x86.ActiveCfg = Release|Win32
		{0F0EBDAB-BD19-4ED0-928F-BB624652875B}.Release|x86.Build.0 = Release|Win32
	EndGlobalSection
	GlobalSection(SolutionProperties) = preSolution
		HideSolutionNode = FALSE
	EndGlobalSection
	GlobalSection(ExtensibilityGlobals) = postSolution
		SolutionGuid = {28D441D4-9F0A-4F13-A28A-2D3C4898E126}
	EndGlobalSection
EndGlobal
